// !$*UTF8*$!
{
	archiveVersion = 1;
	classes = {
	};
	objectVersion = 56;
	objects = {

/* Begin PBXBuildFile section */
		E369032F290185960013E63B /* AppDelegate.swift in Sources */ = {isa = PBXBuildFile; fileRef = E369032E290185960013E63B /* AppDelegate.swift */; };
		E3690331290185960013E63B /* SceneDelegate.swift in Sources */ = {isa = PBXBuildFile; fileRef = E3690330290185960013E63B /* SceneDelegate.swift */; };
		E3690338290185970013E63B /* Assets.xcassets in Resources */ = {isa = PBXBuildFile; fileRef = E3690337290185970013E63B /* Assets.xcassets */; };
		E369033B290185970013E63B /* LaunchScreen.storyboard in Resources */ = {isa = PBXBuildFile; fileRef = E3690339290185970013E63B /* LaunchScreen.storyboard */; };
		E3690346290185970013E63B /* AplicativoDisneyTests.swift in Sources */ = {isa = PBXBuildFile; fileRef = E3690345290185970013E63B /* AplicativoDisneyTests.swift */; };
		E3690350290185970013E63B /* AplicativoDisneyUITests.swift in Sources */ = {isa = PBXBuildFile; fileRef = E369034F290185970013E63B /* AplicativoDisneyUITests.swift */; };
		E3690352290185970013E63B /* AplicativoDisneyUITestsLaunchTests.swift in Sources */ = {isa = PBXBuildFile; fileRef = E3690351290185970013E63B /* AplicativoDisneyUITestsLaunchTests.swift */; };
		E3690361290187520013E63B /* Extensions.swift in Sources */ = {isa = PBXBuildFile; fileRef = E3690360290187520013E63B /* Extensions.swift */; };
		E3690363290188890013E63B /* Video.swift in Sources */ = {isa = PBXBuildFile; fileRef = E3690362290188890013E63B /* Video.swift */; };
		E369036529018FE70013E63B /* VideoListController.swift in Sources */ = {isa = PBXBuildFile; fileRef = E369036429018FE70013E63B /* VideoListController.swift */; };
		E3690367290199A10013E63B /* VideoCell.swift in Sources */ = {isa = PBXBuildFile; fileRef = E3690366290199A10013E63B /* VideoCell.swift */; };
		E36903692902C57A0013E63B /* ApiModel.swift in Sources */ = {isa = PBXBuildFile; fileRef = E36903682902C57A0013E63B /* ApiModel.swift */; };
		E36903702902D3DA0013E63B /* API.swift in Sources */ = {isa = PBXBuildFile; fileRef = E369036F2902D3DA0013E63B /* API.swift */; };
		E36903732902DD9A0013E63B /* SDWebImage in Frameworks */ = {isa = PBXBuildFile; productRef = E36903722902DD9A0013E63B /* SDWebImage */; };
		E369037529031C4B0013E63B /* PricessDetailControllerViewController.swift in Sources */ = {isa = PBXBuildFile; fileRef = E369037429031C4B0013E63B /* PricessDetailControllerViewController.swift */; };
/* End PBXBuildFile section */

/* Begin PBXContainerItemProxy section */
		E3690342290185970013E63B /* PBXContainerItemProxy */ = {
			isa = PBXContainerItemProxy;
			containerPortal = E3690323290185960013E63B /* Project object */;
			proxyType = 1;
			remoteGlobalIDString = E369032A290185960013E63B;
			remoteInfo = AplicativoDisney;
		};
		E369034C290185970013E63B /* PBXContainerItemProxy */ = {
			isa = PBXContainerItemProxy;
			containerPortal = E3690323290185960013E63B /* Project object */;
			proxyType = 1;
			remoteGlobalIDString = E369032A290185960013E63B;
			remoteInfo = AplicativoDisney;
		};
/* End PBXContainerItemProxy section */

/* Begin PBXFileReference section */
		E369032B290185960013E63B /* AplicativoDisney.app */ = {isa = PBXFileReference; explicitFileType = wrapper.application; includeInIndex = 0; path = AplicativoDisney.app; sourceTree = BUILT_PRODUCTS_DIR; };
		E369032E290185960013E63B /* AppDelegate.swift */ = {isa = PBXFileReference; lastKnownFileType = sourcecode.swift; path = AppDelegate.swift; sourceTree = "<group>"; };
		E3690330290185960013E63B /* SceneDelegate.swift */ = {isa = PBXFileReference; lastKnownFileType = sourcecode.swift; path = SceneDelegate.swift; sourceTree = "<group>"; };
		E3690337290185970013E63B /* Assets.xcassets */ = {isa = PBXFileReference; lastKnownFileType = folder.assetcatalog; path = Assets.xcassets; sourceTree = "<group>"; };
		E369033A290185970013E63B /* Base */ = {isa = PBXFileReference; lastKnownFileType = file.storyboard; name = Base; path = Base.lproj/LaunchScreen.storyboard; sourceTree = "<group>"; };
		E369033C290185970013E63B /* Info.plist */ = {isa = PBXFileReference; lastKnownFileType = text.plist.xml; path = Info.plist; sourceTree = "<group>"; };
		E3690341290185970013E63B /* AplicativoDisneyTests.xctest */ = {isa = PBXFileReference; explicitFileType = wrapper.cfbundle; includeInIndex = 0; path = AplicativoDisneyTests.xctest; sourceTree = BUILT_PRODUCTS_DIR; };
		E3690345290185970013E63B /* AplicativoDisneyTests.swift */ = {isa = PBXFileReference; lastKnownFileType = sourcecode.swift; path = AplicativoDisneyTests.swift; sourceTree = "<group>"; };
		E369034B290185970013E63B /* AplicativoDisneyUITests.xctest */ = {isa = PBXFileReference; explicitFileType = wrapper.cfbundle; includeInIndex = 0; path = AplicativoDisneyUITests.xctest; sourceTree = BUILT_PRODUCTS_DIR; };
		E369034F290185970013E63B /* AplicativoDisneyUITests.swift */ = {isa = PBXFileReference; lastKnownFileType = sourcecode.swift; path = AplicativoDisneyUITests.swift; sourceTree = "<group>"; };
		E3690351290185970013E63B /* AplicativoDisneyUITestsLaunchTests.swift */ = {isa = PBXFileReference; lastKnownFileType = sourcecode.swift; path = AplicativoDisneyUITestsLaunchTests.swift; sourceTree = "<group>"; };
		E3690360290187520013E63B /* Extensions.swift */ = {isa = PBXFileReference; lastKnownFileType = sourcecode.swift; path = Extensions.swift; sourceTree = "<group>"; };
		E3690362290188890013E63B /* Video.swift */ = {isa = PBXFileReference; lastKnownFileType = sourcecode.swift; path = Video.swift; sourceTree = "<group>"; };
		E369036429018FE70013E63B /* VideoListController.swift */ = {isa = PBXFileReference; lastKnownFileType = sourcecode.swift; path = VideoListController.swift; sourceTree = "<group>"; };
		E3690366290199A10013E63B /* VideoCell.swift */ = {isa = PBXFileReference; lastKnownFileType = sourcecode.swift; path = VideoCell.swift; sourceTree = "<group>"; };
		E36903682902C57A0013E63B /* ApiModel.swift */ = {isa = PBXFileReference; lastKnownFileType = sourcecode.swift; path = ApiModel.swift; sourceTree = "<group>"; };
		E369036F2902D3DA0013E63B /* API.swift */ = {isa = PBXFileReference; lastKnownFileType = sourcecode.swift; path = API.swift; sourceTree = "<group>"; };
		E369037429031C4B0013E63B /* PricessDetailControllerViewController.swift */ = {isa = PBXFileReference; lastKnownFileType = sourcecode.swift; path = PricessDetailControllerViewController.swift; sourceTree = "<group>"; };
/* End PBXFileReference section */

/* Begin PBXFrameworksBuildPhase section */
		E3690328290185960013E63B /* Frameworks */ = {
			isa = PBXFrameworksBuildPhase;
			buildActionMask = 2147483647;
			files = (
				E36903732902DD9A0013E63B /* SDWebImage in Frameworks */,
			);
			runOnlyForDeploymentPostprocessing = 0;
		};
		E369033E290185970013E63B /* Frameworks */ = {
			isa = PBXFrameworksBuildPhase;
			buildActionMask = 2147483647;
			files = (
			);
			runOnlyForDeploymentPostprocessing = 0;
		};
		E3690348290185970013E63B /* Frameworks */ = {
			isa = PBXFrameworksBuildPhase;
			buildActionMask = 2147483647;
			files = (
			);
			runOnlyForDeploymentPostprocessing = 0;
		};
/* End PBXFrameworksBuildPhase section */

/* Begin PBXGroup section */
		E3690322290185960013E63B = {
			isa = PBXGroup;
			children = (
				E369032D290185960013E63B /* AplicativoDisney */,
				E3690344290185970013E63B /* AplicativoDisneyTests */,
				E369034E290185970013E63B /* AplicativoDisneyUITests */,
				E369032C290185960013E63B /* Products */,
			);
			sourceTree = "<group>";
		};
		E369032C290185960013E63B /* Products */ = {
			isa = PBXGroup;
			children = (
				E369032B290185960013E63B /* AplicativoDisney.app */,
				E3690341290185970013E63B /* AplicativoDisneyTests.xctest */,
				E369034B290185970013E63B /* AplicativoDisneyUITests.xctest */,
			);
			name = Products;
			sourceTree = "<group>";
		};
		E369032D290185960013E63B /* AplicativoDisney */ = {
			isa = PBXGroup;
			children = (
				E369036E2902D3C40013E63B /* Service */,
				E369036D2902C8790013E63B /* Aplications */,
				E369036B2902C7E00013E63B /* Source */,
				E369036A2902C7C50013E63B /* Model */,
				E369033C290185970013E63B /* Info.plist */,
				E369036C2902C8350013E63B /* Resource */,
			);
			path = AplicativoDisney;
			sourceTree = "<group>";
		};
		E3690344290185970013E63B /* AplicativoDisneyTests */ = {
			isa = PBXGroup;
			children = (
				E3690345290185970013E63B /* AplicativoDisneyTests.swift */,
			);
			path = AplicativoDisneyTests;
			sourceTree = "<group>";
		};
		E369034E290185970013E63B /* AplicativoDisneyUITests */ = {
			isa = PBXGroup;
			children = (
				E369034F290185970013E63B /* AplicativoDisneyUITests.swift */,
				E3690351290185970013E63B /* AplicativoDisneyUITestsLaunchTests.swift */,
			);
			path = AplicativoDisneyUITests;
			sourceTree = "<group>";
		};
		E369036A2902C7C50013E63B /* Model */ = {
			isa = PBXGroup;
			children = (
				E36903682902C57A0013E63B /* ApiModel.swift */,
			);
			path = Model;
			sourceTree = "<group>";
		};
		E369036B2902C7E00013E63B /* Source */ = {
			isa = PBXGroup;
			children = (
				E3690362290188890013E63B /* Video.swift */,
				E3690360290187520013E63B /* Extensions.swift */,
				E369036429018FE70013E63B /* VideoListController.swift */,
				E369037429031C4B0013E63B /* PricessDetailControllerViewController.swift */,
				E3690366290199A10013E63B /* VideoCell.swift */,
			);
			path = Source;
			sourceTree = "<group>";
		};
		E369036C2902C8350013E63B /* Resource */ = {
			isa = PBXGroup;
			children = (
				E3690337290185970013E63B /* Assets.xcassets */,
			);
			path = Resource;
			sourceTree = "<group>";
		};
		E369036D2902C8790013E63B /* Aplications */ = {
			isa = PBXGroup;
			children = (
				E3690330290185960013E63B /* SceneDelegate.swift */,
				E3690339290185970013E63B /* LaunchScreen.storyboard */,
				E369032E290185960013E63B /* AppDelegate.swift */,
			);
			path = Aplications;
			sourceTree = "<group>";
		};
		E369036E2902D3C40013E63B /* Service */ = {
			isa = PBXGroup;
			children = (
				E369036F2902D3DA0013E63B /* API.swift */,
			);
			path = Service;
			sourceTree = "<group>";
		};
/* End PBXGroup section */

/* Begin PBXNativeTarget section */
		E369032A290185960013E63B /* AplicativoDisney */ = {
			isa = PBXNativeTarget;
			buildConfigurationList = E3690355290185970013E63B /* Build configuration list for PBXNativeTarget "AplicativoDisney" */;
			buildPhases = (
				E3690327290185960013E63B /* Sources */,
				E3690328290185960013E63B /* Frameworks */,
				E3690329290185960013E63B /* Resources */,
			);
			buildRules = (
			);
			dependencies = (
			);
			name = AplicativoDisney;
			packageProductDependencies = (
				E36903722902DD9A0013E63B /* SDWebImage */,
			);
			productName = AplicativoDisney;
			productReference = E369032B290185960013E63B /* AplicativoDisney.app */;
			productType = "com.apple.product-type.application";
		};
		E3690340290185970013E63B /* AplicativoDisneyTests */ = {
			isa = PBXNativeTarget;
			buildConfigurationList = E3690358290185970013E63B /* Build configuration list for PBXNativeTarget "AplicativoDisneyTests" */;
			buildPhases = (
				E369033D290185970013E63B /* Sources */,
				E369033E290185970013E63B /* Frameworks */,
				E369033F290185970013E63B /* Resources */,
			);
			buildRules = (
			);
			dependencies = (
				E3690343290185970013E63B /* PBXTargetDependency */,
			);
			name = AplicativoDisneyTests;
			productName = AplicativoDisneyTests;
			productReference = E3690341290185970013E63B /* AplicativoDisneyTests.xctest */;
			productType = "com.apple.product-type.bundle.unit-test";
		};
		E369034A290185970013E63B /* AplicativoDisneyUITests */ = {
			isa = PBXNativeTarget;
			buildConfigurationList = E369035B290185970013E63B /* Build configuration list for PBXNativeTarget "AplicativoDisneyUITests" */;
			buildPhases = (
				E3690347290185970013E63B /* Sources */,
				E3690348290185970013E63B /* Frameworks */,
				E3690349290185970013E63B /* Resources */,
			);
			buildRules = (
			);
			dependencies = (
				E369034D290185970013E63B /* PBXTargetDependency */,
			);
			name = AplicativoDisneyUITests;
			productName = AplicativoDisneyUITests;
			productReference = E369034B290185970013E63B /* AplicativoDisneyUITests.xctest */;
			productType = "com.apple.product-type.bundle.ui-testing";
		};
/* End PBXNativeTarget section */

/* Begin PBXProject section */
		E3690323290185960013E63B /* Project object */ = {
			isa = PBXProject;
			attributes = {
				BuildIndependentTargetsInParallel = 1;
				LastSwiftUpdateCheck = 1400;
				LastUpgradeCheck = 1400;
				TargetAttributes = {
					E369032A290185960013E63B = {
						CreatedOnToolsVersion = 14.0;
					};
					E3690340290185970013E63B = {
						CreatedOnToolsVersion = 14.0;
						TestTargetID = E369032A290185960013E63B;
					};
					E369034A290185970013E63B = {
						CreatedOnToolsVersion = 14.0;
						TestTargetID = E369032A290185960013E63B;
					};
				};
			};
			buildConfigurationList = E3690326290185960013E63B /* Build configuration list for PBXProject "AplicativoDisney" */;
			compatibilityVersion = "Xcode 14.0";
			developmentRegion = en;
			hasScannedForEncodings = 0;
			knownRegions = (
				en,
				Base,
			);
			mainGroup = E3690322290185960013E63B;
			packageReferences = (
				E36903712902DD9A0013E63B /* XCRemoteSwiftPackageReference "SDWebImage" */,
			);
			productRefGroup = E369032C290185960013E63B /* Products */;
			projectDirPath = "";
			projectRoot = "";
			targets = (
				E369032A290185960013E63B /* AplicativoDisney */,
				E3690340290185970013E63B /* AplicativoDisneyTests */,
				E369034A290185970013E63B /* AplicativoDisneyUITests */,
			);
		};
/* End PBXProject section */

/* Begin PBXResourcesBuildPhase section */
		E3690329290185960013E63B /* Resources */ = {
			isa = PBXResourcesBuildPhase;
			buildActionMask = 2147483647;
			files = (
				E369033B290185970013E63B /* LaunchScreen.storyboard in Resources */,
				E3690338290185970013E63B /* Assets.xcassets in Resources */,
			);
			runOnlyForDeploymentPostprocessing = 0;
		};
		E369033F290185970013E63B /* Resources */ = {
			isa = PBXResourcesBuildPhase;
			buildActionMask = 2147483647;
			files = (
			);
			runOnlyForDeploymentPostprocessing = 0;
		};
		E3690349290185970013E63B /* Resources */ = {
			isa = PBXResourcesBuildPhase;
			buildActionMask = 2147483647;
			files = (
			);
			runOnlyForDeploymentPostprocessing = 0;
		};
/* End PBXResourcesBuildPhase section */

/* Begin PBXSourcesBuildPhase section */
		E3690327290185960013E63B /* Sources */ = {
			isa = PBXSourcesBuildPhase;
			buildActionMask = 2147483647;
			files = (
				E3690361290187520013E63B /* Extensions.swift in Sources */,
				E3690367290199A10013E63B /* VideoCell.swift in Sources */,
				E3690363290188890013E63B /* Video.swift in Sources */,
				E369032F290185960013E63B /* AppDelegate.swift in Sources */,
				E36903692902C57A0013E63B /* ApiModel.swift in Sources */,
				E369037529031C4B0013E63B /* PricessDetailControllerViewController.swift in Sources */,
				E369036529018FE70013E63B /* VideoListController.swift in Sources */,
				E3690331290185960013E63B /* SceneDelegate.swift in Sources */,
				E36903702902D3DA0013E63B /* API.swift in Sources */,
			);
			runOnlyForDeploymentPostprocessing = 0;
		};
		E369033D290185970013E63B /* Sources */ = {
			isa = PBXSourcesBuildPhase;
			buildActionMask = 2147483647;
			files = (
				E3690346290185970013E63B /* AplicativoDisneyTests.swift in Sources */,
			);
			runOnlyForDeploymentPostprocessing = 0;
		};
		E3690347290185970013E63B /* Sources */ = {
			isa = PBXSourcesBuildPhase;
			buildActionMask = 2147483647;
			files = (
				E3690352290185970013E63B /* AplicativoDisneyUITestsLaunchTests.swift in Sources */,
				E3690350290185970013E63B /* AplicativoDisneyUITests.swift in Sources */,
			);
			runOnlyForDeploymentPostprocessing = 0;
		};
/* End PBXSourcesBuildPhase section */

/* Begin PBXTargetDependency section */
		E3690343290185970013E63B /* PBXTargetDependency */ = {
			isa = PBXTargetDependency;
			target = E369032A290185960013E63B /* AplicativoDisney */;
			targetProxy = E3690342290185970013E63B /* PBXContainerItemProxy */;
		};
		E369034D290185970013E63B /* PBXTargetDependency */ = {
			isa = PBXTargetDependency;
			target = E369032A290185960013E63B /* AplicativoDisney */;
			targetProxy = E369034C290185970013E63B /* PBXContainerItemProxy */;
		};
/* End PBXTargetDependency section */

/* Begin PBXVariantGroup section */
		E3690339290185970013E63B /* LaunchScreen.storyboard */ = {
			isa = PBXVariantGroup;
			children = (
				E369033A290185970013E63B /* Base */,
			);
			name = LaunchScreen.storyboard;
			sourceTree = "<group>";
		};
/* End PBXVariantGroup section */

/* Begin XCBuildConfiguration section */
		E3690353290185970013E63B /* Debug */ = {
			isa = XCBuildConfiguration;
			buildSettings = {
				ALWAYS_SEARCH_USER_PATHS = NO;
				CLANG_ANALYZER_NONNULL = YES;
				CLANG_ANALYZER_NUMBER_OBJECT_CONVERSION = YES_AGGRESSIVE;
				CLANG_CXX_LANGUAGE_STANDARD = "gnu++20";
				CLANG_ENABLE_MODULES = YES;
				CLANG_ENABLE_OBJC_ARC = YES;
				CLANG_ENABLE_OBJC_WEAK = YES;
				CLANG_WARN_BLOCK_CAPTURE_AUTORELEASING = YES;
				CLANG_WARN_BOOL_CONVERSION = YES;
				CLANG_WARN_COMMA = YES;
				CLANG_WARN_CONSTANT_CONVERSION = YES;
				CLANG_WARN_DEPRECATED_OBJC_IMPLEMENTATIONS = YES;
				CLANG_WARN_DIRECT_OBJC_ISA_USAGE = YES_ERROR;
				CLANG_WARN_DOCUMENTATION_COMMENTS = YES;
				CLANG_WARN_EMPTY_BODY = YES;
				CLANG_WARN_ENUM_CONVERSION = YES;
				CLANG_WARN_INFINITE_RECURSION = YES;
				CLANG_WARN_INT_CONVERSION = YES;
				CLANG_WARN_NON_LITERAL_NULL_CONVERSION = YES;
				CLANG_WARN_OBJC_IMPLICIT_RETAIN_SELF = YES;
				CLANG_WARN_OBJC_LITERAL_CONVERSION = YES;
				CLANG_WARN_OBJC_ROOT_CLASS = YES_ERROR;
				CLANG_WARN_QUOTED_INCLUDE_IN_FRAMEWORK_HEADER = YES;
				CLANG_WARN_RANGE_LOOP_ANALYSIS = YES;
				CLANG_WARN_STRICT_PROTOTYPES = YES;
				CLANG_WARN_SUSPICIOUS_MOVE = YES;
				CLANG_WARN_UNGUARDED_AVAILABILITY = YES_AGGRESSIVE;
				CLANG_WARN_UNREACHABLE_CODE = YES;
				CLANG_WARN__DUPLICATE_METHOD_MATCH = YES;
				COPY_PHASE_STRIP = NO;
				DEBUG_INFORMATION_FORMAT = dwarf;
				ENABLE_STRICT_OBJC_MSGSEND = YES;
				ENABLE_TESTABILITY = YES;
				GCC_C_LANGUAGE_STANDARD = gnu11;
				GCC_DYNAMIC_NO_PIC = NO;
				GCC_NO_COMMON_BLOCKS = YES;
				GCC_OPTIMIZATION_LEVEL = 0;
				GCC_PREPROCESSOR_DEFINITIONS = (
					"DEBUG=1",
					"$(inherited)",
				);
				GCC_WARN_64_TO_32_BIT_CONVERSION = YES;
				GCC_WARN_ABOUT_RETURN_TYPE = YES_ERROR;
				GCC_WARN_UNDECLARED_SELECTOR = YES;
				GCC_WARN_UNINITIALIZED_AUTOS = YES_AGGRESSIVE;
				GCC_WARN_UNUSED_FUNCTION = YES;
				GCC_WARN_UNUSED_VARIABLE = YES;
				IPHONEOS_DEPLOYMENT_TARGET = 16.0;
				MTL_ENABLE_DEBUG_INFO = INCLUDE_SOURCE;
				MTL_FAST_MATH = YES;
				ONLY_ACTIVE_ARCH = YES;
				SDKROOT = iphoneos;
				SWIFT_ACTIVE_COMPILATION_CONDITIONS = DEBUG;
				SWIFT_OPTIMIZATION_LEVEL = "-Onone";
			};
			name = Debug;
		};
		E3690354290185970013E63B /* Release */ = {
			isa = XCBuildConfiguration;
			buildSettings = {
				ALWAYS_SEARCH_USER_PATHS = NO;
				CLANG_ANALYZER_NONNULL = YES;
				CLANG_ANALYZER_NUMBER_OBJECT_CONVERSION = YES_AGGRESSIVE;
				CLANG_CXX_LANGUAGE_STANDARD = "gnu++20";
				CLANG_ENABLE_MODULES = YES;
				CLANG_ENABLE_OBJC_ARC = YES;
				CLANG_ENABLE_OBJC_WEAK = YES;
				CLANG_WARN_BLOCK_CAPTURE_AUTORELEASING = YES;
				CLANG_WARN_BOOL_CONVERSION = YES;
				CLANG_WARN_COMMA = YES;
				CLANG_WARN_CONSTANT_CONVERSION = YES;
				CLANG_WARN_DEPRECATED_OBJC_IMPLEMENTATIONS = YES;
				CLANG_WARN_DIRECT_OBJC_ISA_USAGE = YES_ERROR;
				CLANG_WARN_DOCUMENTATION_COMMENTS = YES;
				CLANG_WARN_EMPTY_BODY = YES;
				CLANG_WARN_ENUM_CONVERSION = YES;
				CLANG_WARN_INFINITE_RECURSION = YES;
				CLANG_WARN_INT_CONVERSION = YES;
				CLANG_WARN_NON_LITERAL_NULL_CONVERSION = YES;
				CLANG_WARN_OBJC_IMPLICIT_RETAIN_SELF = YES;
				CLANG_WARN_OBJC_LITERAL_CONVERSION = YES;
				CLANG_WARN_OBJC_ROOT_CLASS = YES_ERROR;
				CLANG_WARN_QUOTED_INCLUDE_IN_FRAMEWORK_HEADER = YES;
				CLANG_WARN_RANGE_LOOP_ANALYSIS = YES;
				CLANG_WARN_STRICT_PROTOTYPES = YES;
				CLANG_WARN_SUSPICIOUS_MOVE = YES;
				CLANG_WARN_UNGUARDED_AVAILABILITY = YES_AGGRESSIVE;
				CLANG_WARN_UNREACHABLE_CODE = YES;
				CLANG_WARN__DUPLICATE_METHOD_MATCH = YES;
				COPY_PHASE_STRIP = NO;
				DEBUG_INFORMATION_FORMAT = "dwarf-with-dsym";
				ENABLE_NS_ASSERTIONS = NO;
				ENABLE_STRICT_OBJC_MSGSEND = YES;
				GCC_C_LANGUAGE_STANDARD = gnu11;
				GCC_NO_COMMON_BLOCKS = YES;
				GCC_WARN_64_TO_32_BIT_CONVERSION = YES;
				GCC_WARN_ABOUT_RETURN_TYPE = YES_ERROR;
				GCC_WARN_UNDECLARED_SELECTOR = YES;
				GCC_WARN_UNINITIALIZED_AUTOS = YES_AGGRESSIVE;
				GCC_WARN_UNUSED_FUNCTION = YES;
				GCC_WARN_UNUSED_VARIABLE = YES;
				IPHONEOS_DEPLOYMENT_TARGET = 16.0;
				MTL_ENABLE_DEBUG_INFO = NO;
				MTL_FAST_MATH = YES;
				SDKROOT = iphoneos;
				SWIFT_COMPILATION_MODE = wholemodule;
				SWIFT_OPTIMIZATION_LEVEL = "-O";
				VALIDATE_PRODUCT = YES;
			};
			name = Release;
		};
		E3690356290185970013E63B /* Debug */ = {
			isa = XCBuildConfiguration;
			buildSettings = {
				ASSETCATALOG_COMPILER_APPICON_NAME = AppIcon;
				ASSETCATALOG_COMPILER_GLOBAL_ACCENT_COLOR_NAME = AccentColor;
				CODE_SIGN_STYLE = Automatic;
				CURRENT_PROJECT_VERSION = 1;
				DEVELOPMENT_TEAM = LUS4U4Y792;
				GENERATE_INFOPLIST_FILE = YES;
				INFOPLIST_FILE = AplicativoDisney/Info.plist;
				INFOPLIST_KEY_UIApplicationSupportsIndirectInputEvents = YES;
				INFOPLIST_KEY_UILaunchStoryboardName = LaunchScreen;
				INFOPLIST_KEY_UISupportedInterfaceOrientations_iPad = "UIInterfaceOrientationPortrait UIInterfaceOrientationPortraitUpsideDown UIInterfaceOrientationLandscapeLeft UIInterfaceOrientationLandscapeRight";
				INFOPLIST_KEY_UISupportedInterfaceOrientations_iPhone = "UIInterfaceOrientationPortrait UIInterfaceOrientationLandscapeLeft UIInterfaceOrientationLandscapeRight";
				LD_RUNPATH_SEARCH_PATHS = (
					"$(inherited)",
					"@executable_path/Frameworks",
				);
				MARKETING_VERSION = 1.0;
				PRODUCT_BUNDLE_IDENTIFIER = com.thays.AplicativoDisney;
				PRODUCT_NAME = "$(TARGET_NAME)";
				SWIFT_EMIT_LOC_STRINGS = YES;
				SWIFT_VERSION = 5.0;
				TARGETED_DEVICE_FAMILY = "1,2";
			};
			name = Debug;
		};
		E3690357290185970013E63B /* Release */ = {
			isa = XCBuildConfiguration;
			buildSettings = {
				ASSETCATALOG_COMPILER_APPICON_NAME = AppIcon;
				ASSETCATALOG_COMPILER_GLOBAL_ACCENT_COLOR_NAME = AccentColor;
				CODE_SIGN_STYLE = Automatic;
				CURRENT_PROJECT_VERSION = 1;
				DEVELOPMENT_TEAM = LUS4U4Y792;
				GENERATE_INFOPLIST_FILE = YES;
				INFOPLIST_FILE = AplicativoDisney/Info.plist;
				INFOPLIST_KEY_UIApplicationSupportsIndirectInputEvents = YES;
				INFOPLIST_KEY_UILaunchStoryboardName = LaunchScreen;
				INFOPLIST_KEY_UISupportedInterfaceOrientations_iPad = "UIInterfaceOrientationPortrait UIInterfaceOrientationPortraitUpsideDown UIInterfaceOrientationLandscapeLeft UIInterfaceOrientationLandscapeRight";
				INFOPLIST_KEY_UISupportedInterfaceOrientations_iPhone = "UIInterfaceOrientationPortrait UIInterfaceOrientationLandscapeLeft UIInterfaceOrientationLandscapeRight";
				LD_RUNPATH_SEARCH_PATHS = (
					"$(inherited)",
					"@executable_path/Frameworks",
				);
				MARKETING_VERSION = 1.0;
				PRODUCT_BUNDLE_IDENTIFIER = com.thays.AplicativoDisney;
				PRODUCT_NAME = "$(TARGET_NAME)";
				SWIFT_EMIT_LOC_STRINGS = YES;
				SWIFT_VERSION = 5.0;
				TARGETED_DEVICE_FAMILY = "1,2";
			};
			name = Release;
		};
		E3690359290185970013E63B /* Debug */ = {
			isa = XCBuildConfiguration;
			buildSettings = {
				ALWAYS_EMBED_SWIFT_STANDARD_LIBRARIES = YES;
				BUNDLE_LOADER = "$(TEST_HOST)";
				CODE_SIGN_STYLE = Automatic;
				CURRENT_PROJECT_VERSION = 1;
				DEVELOPMENT_TEAM = LUS4U4Y792;
				GENERATE_INFOPLIST_FILE = YES;
				IPHONEOS_DEPLOYMENT_TARGET = 16.0;
				MARKETING_VERSION = 1.0;
				PRODUCT_BUNDLE_IDENTIFIER = com.thays.AplicativoDisneyTests;
				PRODUCT_NAME = "$(TARGET_NAME)";
				SWIFT_EMIT_LOC_STRINGS = NO;
				SWIFT_VERSION = 5.0;
				TARGETED_DEVICE_FAMILY = "1,2";
				TEST_HOST = "$(BUILT_PRODUCTS_DIR)/AplicativoDisney.app/$(BUNDLE_EXECUTABLE_FOLDER_PATH)/AplicativoDisney";
			};
			name = Debug;
		};
		E369035A290185970013E63B /* Release */ = {
			isa = XCBuildConfiguration;
			buildSettings = {
				ALWAYS_EMBED_SWIFT_STANDARD_LIBRARIES = YES;
				BUNDLE_LOADER = "$(TEST_HOST)";
				CODE_SIGN_STYLE = Automatic;
				CURRENT_PROJECT_VERSION = 1;
				DEVELOPMENT_TEAM = LUS4U4Y792;
				GENERATE_INFOPLIST_FILE = YES;
				IPHONEOS_DEPLOYMENT_TARGET = 16.0;
				MARKETING_VERSION = 1.0;
				PRODUCT_BUNDLE_IDENTIFIER = com.thays.AplicativoDisneyTests;
				PRODUCT_NAME = "$(TARGET_NAME)";
				SWIFT_EMIT_LOC_STRINGS = NO;
				SWIFT_VERSION = 5.0;
				TARGETED_DEVICE_FAMILY = "1,2";
				TEST_HOST = "$(BUILT_PRODUCTS_DIR)/AplicativoDisney.app/$(BUNDLE_EXECUTABLE_FOLDER_PATH)/AplicativoDisney";
			};
			name = Release;
		};
		E369035C290185970013E63B /* Debug */ = {
			isa = XCBuildConfiguration;
			buildSettings = {
				ALWAYS_EMBED_SWIFT_STANDARD_LIBRARIES = YES;
				CODE_SIGN_STYLE = Automatic;
				CURRENT_PROJECT_VERSION = 1;
				DEVELOPMENT_TEAM = LUS4U4Y792;
				GENERATE_INFOPLIST_FILE = YES;
				MARKETING_VERSION = 1.0;
				PRODUCT_BUNDLE_IDENTIFIER = com.thays.AplicativoDisneyUITests;
				PRODUCT_NAME = "$(TARGET_NAME)";
				SWIFT_EMIT_LOC_STRINGS = NO;
				SWIFT_VERSION = 5.0;
				TARGETED_DEVICE_FAMILY = "1,2";
				TEST_TARGET_NAME = AplicativoDisney;
			};
			name = Debug;
		};
		E369035D290185970013E63B /* Release */ = {
			isa = XCBuildConfiguration;
			buildSettings = {
				ALWAYS_EMBED_SWIFT_STANDARD_LIBRARIES = YES;
				CODE_SIGN_STYLE = Automatic;
				CURRENT_PROJECT_VERSION = 1;
				DEVELOPMENT_TEAM = LUS4U4Y792;
				GENERATE_INFOPLIST_FILE = YES;
				MARKETING_VERSION = 1.0;
				PRODUCT_BUNDLE_IDENTIFIER = com.thays.AplicativoDisneyUITests;
				PRODUCT_NAME = "$(TARGET_NAME)";
				SWIFT_EMIT_LOC_STRINGS = NO;
				SWIFT_VERSION = 5.0;
				TARGETED_DEVICE_FAMILY = "1,2";
				TEST_TARGET_NAME = AplicativoDisney;
			};
			name = Release;
		};
/* End XCBuildConfiguration section */

/* Begin XCConfigurationList section */
		E3690326290185960013E63B /* Build configuration list for PBXProject "AplicativoDisney" */ = {
			isa = XCConfigurationList;
			buildConfigurations = (
				E3690353290185970013E63B /* Debug */,
				E3690354290185970013E63B /* Release */,
			);
			defaultConfigurationIsVisible = 0;
			defaultConfigurationName = Release;
		};
		E3690355290185970013E63B /* Build configuration list for PBXNativeTarget "AplicativoDisney" */ = {
			isa = XCConfigurationList;
			buildConfigurations = (
				E3690356290185970013E63B /* Debug */,
				E3690357290185970013E63B /* Release */,
			);
			defaultConfigurationIsVisible = 0;
			defaultConfigurationName = Release;
		};
		E3690358290185970013E63B /* Build configuration list for PBXNativeTarget "AplicativoDisneyTests" */ = {
			isa = XCConfigurationList;
			buildConfigurations = (
				E3690359290185970013E63B /* Debug */,
				E369035A290185970013E63B /* Release */,
			);
			defaultConfigurationIsVisible = 0;
			defaultConfigurationName = Release;
		};
		E369035B290185970013E63B /* Build configuration list for PBXNativeTarget "AplicativoDisneyUITests" */ = {
			isa = XCConfigurationList;
			buildConfigurations = (
				E369035C290185970013E63B /* Debug */,
				E369035D290185970013E63B /* Release */,
			);
			defaultConfigurationIsVisible = 0;
			defaultConfigurationName = Release;
		};
/* End XCConfigurationList section */

/* Begin XCRemoteSwiftPackageReference section */
		E36903712902DD9A0013E63B /* XCRemoteSwiftPackageReference "SDWebImage" */ = {
			isa = XCRemoteSwiftPackageReference;
			repositoryURL = "https://github.com/SDWebImage/SDWebImage.git";
			requirement = {
				kind = upToNextMajorVersion;
				minimumVersion = 5.0.0;
			};
		};
/* End XCRemoteSwiftPackageReference section */

/* Begin XCSwiftPackageProductDependency section */
		E36903722902DD9A0013E63B /* SDWebImage */ = {
			isa = XCSwiftPackageProductDependency;
			package = E36903712902DD9A0013E63B /* XCRemoteSwiftPackageReference "SDWebImage" */;
			productName = SDWebImage;
		};
/* End XCSwiftPackageProductDependency section */
	};
	rootObject = E3690323290185960013E63B /* Project object */;
}
